
Microsoft Visual Studio Solution File, Format Version 12.00
# Visual Studio Version 17
VisualStudioVersion = 17.0.31903.59
MinimumVisualStudioVersion = 10.0.40219.1
Project("{2150E333-8FDC-42A3-9474-1A3956D46DE8}") = "src", "src", "{827E0CD3-B72D-47B6-A68D-7590B98EB39B}"
EndProject
Project("{FAE04EC0-301F-11D3-BF4B-00C04F79EFBC}") = "Signal.Domain", "src\Signal.Domain\Signal.Domain.csproj", "{76B9A84C-FA41-45BB-B697-BEFBFF098136}"
EndProject
Project("{FAE04EC0-301F-11D3-BF4B-00C04F79EFBC}") = "Signal.Application", "src\Signal.Application\Signal.Application.csproj", "{78750CB3-47D9-4610-B183-557378467EDC}"
EndProject
Project("{FAE04EC0-301F-11D3-BF4B-00C04F79EFBC}") = "Signal.Infrastructure", "src\Signal.Infrastructure\Signal.Infrastructure.csproj", "{9A270AC4-D9F3-4869-8431-EA940B477A67}"
EndProject
Project("{FAE04EC0-301F-11D3-BF4B-00C04F79EFBC}") = "Signal.Api", "src\Signal.Api\Signal.Api.csproj", "{13A3657C-DB06-4AE8-B9C6-F04E516D1A18}"
EndProject
Project("{FAE04EC0-301F-11D3-BF4B-00C04F79EFBC}") = "Signal.Worker", "src\Signal.Worker\Signal.Worker.csproj", "{CAAF428F-F472-4FDA-9344-64880C912472}"
EndProject
Project("{2150E333-8FDC-42A3-9474-1A3956D46DE8}") = "tests", "tests", "{0AB3BF05-4346-4AA6-1389-037BE0695223}"
EndProject
Project("{FAE04EC0-301F-11D3-BF4B-00C04F79EFBC}") = "Signal.UnitTests", "tests\Signal.UnitTests\Signal.UnitTests.csproj", "{E0A7B214-ED31-494F-B4B2-0D838CFDE9E0}"
EndProject
Project("{FAE04EC0-301F-11D3-BF4B-00C04F79EFBC}") = "Signal.IntegrationTests", "tests\Signal.IntegrationTests\Signal.IntegrationTests.csproj", "{C5E22BB5-FFB5-4A96-A208-647E68230162}"
EndProject
Global
	GlobalSection(SolutionConfigurationPlatforms) = preSolution
		Debug|Any CPU = Debug|Any CPU
		Debug|x64 = Debug|x64
		Debug|x86 = Debug|x86
		Release|Any CPU = Release|Any CPU
		Release|x64 = Release|x64
		Release|x86 = Release|x86
	EndGlobalSection
	GlobalSection(ProjectConfigurationPlatforms) = postSolution
		{76B9A84C-FA41-45BB-B697-BEFBFF098136}.Debug|Any CPU.ActiveCfg = Debug|Any CPU
		{76B9A84C-FA41-45BB-B697-BEFBFF098136}.Debug|Any CPU.Build.0 = Debug|Any CPU
		{76B9A84C-FA41-45BB-B697-BEFBFF098136}.Debug|x64.ActiveCfg = Debug|Any CPU
		{76B9A84C-FA41-45BB-B697-BEFBFF098136}.Debug|x64.Build.0 = Debug|Any CPU
		{76B9A84C-FA41-45BB-B697-BEFBFF098136}.Debug|x86.ActiveCfg = Debug|Any CPU
		{76B9A84C-FA41-45BB-B697-BEFBFF098136}.Debug|x86.Build.0 = Debug|Any CPU
		{76B9A84C-FA41-45BB-B697-BEFBFF098136}.Release|Any CPU.ActiveCfg = Release|Any CPU
		{76B9A84C-FA41-45BB-B697-BEFBFF098136}.Release|Any CPU.Build.0 = Release|Any CPU
		{76B9A84C-FA41-45BB-B697-BEFBFF098136}.Release|x64.ActiveCfg = Release|Any CPU
		{76B9A84C-FA41-45BB-B697-BEFBFF098136}.Release|x64.Build.0 = Release|Any CPU
		{76B9A84C-FA41-45BB-B697-BEFBFF098136}.Release|x86.ActiveCfg = Release|Any CPU
		{76B9A84C-FA41-45BB-B697-BEFBFF098136}.Release|x86.Build.0 = Release|Any CPU
		{78750CB3-47D9-4610-B183-557378467EDC}.Debug|Any CPU.ActiveCfg = Debug|Any CPU
		{78750CB3-47D9-4610-B183-557378467EDC}.Debug|Any CPU.Build.0 = Debug|Any CPU
		{78750CB3-47D9-4610-B183-557378467EDC}.Debug|x64.ActiveCfg = Debug|Any CPU
		{78750CB3-47D9-4610-B183-557378467EDC}.Debug|x64.Build.0 = Debug|Any CPU
		{78750CB3-47D9-4610-B183-557378467EDC}.Debug|x86.ActiveCfg = Debug|Any CPU
		{78750CB3-47D9-4610-B183-557378467EDC}.Debug|x86.Build.0 = Debug|Any CPU
		{78750CB3-47D9-4610-B183-557378467EDC}.Release|Any CPU.ActiveCfg = Release|Any CPU
		{78750CB3-47D9-4610-B183-557378467EDC}.Release|Any CPU.Build.0 = Release|Any CPU
		{78750CB3-47D9-4610-B183-557378467EDC}.Release|x64.ActiveCfg = Release|Any CPU
		{78750CB3-47D9-4610-B183-557378467EDC}.Release|x64.Build.0 = Release|Any CPU
		{78750CB3-47D9-4610-B183-557378467EDC}.Release|x86.ActiveCfg = Release|Any CPU
		{78750CB3-47D9-4610-B183-557378467EDC}.Release|x86.Build.0 = Release|Any CPU
		{9A270AC4-D9F3-4869-8431-EA940B477A67}.Debug|Any CPU.ActiveCfg = Debug|Any CPU
		{9A270AC4-D9F3-4869-8431-EA940B477A67}.Debug|Any CPU.Build.0 = Debug|Any CPU
		{9A270AC4-D9F3-4869-8431-EA940B477A67}.Debug|x64.ActiveCfg = Debug|Any CPU
		{9A270AC4-D9F3-4869-8431-EA940B477A67}.Debug|x64.Build.0 = Debug|Any CPU
		{9A270AC4-D9F3-4869-8431-EA940B477A67}.Debug|x86.ActiveCfg = Debug|Any CPU
		{9A270AC4-D9F3-4869-8431-EA940B477A67}.Debug|x86.Build.0 = Debug|Any CPU
		{9A270AC4-D9F3-4869-8431-EA940B477A67}.Release|Any CPU.ActiveCfg = Release|Any CPU
		{9A270AC4-D9F3-4869-8431-EA940B477A67}.Release|Any CPU.Build.0 = Release|Any CPU
		{9A270AC4-D9F3-4869-8431-EA940B477A67}.Release|x64.ActiveCfg = Release|Any CPU
		{9A270AC4-D9F3-4869-8431-EA940B477A67}.Release|x64.Build.0 = Release|Any CPU
		{9A270AC4-D9F3-4869-8431-EA940B477A67}.Release|x86.ActiveCfg = Release|Any CPU
		{9A270AC4-D9F3-4869-8431-EA940B477A67}.Release|x86.Build.0 = Release|Any CPU
		{13A3657C-DB06-4AE8-B9C6-F04E516D1A18}.Debug|Any CPU.ActiveCfg = Debug|Any CPU
		{13A3657C-DB06-4AE8-B9C6-F04E516D1A18}.Debug|Any CPU.Build.0 = Debug|Any CPU
		{13A3657C-DB06-4AE8-B9C6-F04E516D1A18}.Debug|x64.ActiveCfg = Debug|Any CPU
		{13A3657C-DB06-4AE8-B9C6-F04E516D1A18}.Debug|x64.Build.0 = Debug|Any CPU
		{13A3657C-DB06-4AE8-B9C6-F04E516D1A18}.Debug|x86.ActiveCfg = Debug|Any CPU
		{13A3657C-DB06-4AE8-B9C6-F04E516D1A18}.Debug|x86.Build.0 = Debug|Any CPU
		{13A3657C-DB06-4AE8-B9C6-F04E516D1A18}.Release|Any CPU.ActiveCfg = Release|Any CPU
		{13A3657C-DB06-4AE8-B9C6-F04E516D1A18}.Release|Any CPU.Build.0 = Release|Any CPU
		{13A3657C-DB06-4AE8-B9C6-F04E516D1A18}.Release|x64.ActiveCfg = Release|Any CPU
		{13A3657C-DB06-4AE8-B9C6-F04E516D1A18}.Release|x64.Build.0 = Release|Any CPU
		{13A3657C-DB06-4AE8-B9C6-F04E516D1A18}.Release|x86.ActiveCfg = Release|Any CPU
		{13A3657C-DB06-4AE8-B9C6-F04E516D1A18}.Release|x86.Build.0 = Release|Any CPU
		{CAAF428F-F472-4FDA-9344-64880C912472}.Debug|Any CPU.ActiveCfg = Debug|Any CPU
		{CAAF428F-F472-4FDA-9344-64880C912472}.Debug|Any CPU.Build.0 = Debug|Any CPU
		{CAAF428F-F472-4FDA-9344-64880C912472}.Debug|x64.ActiveCfg = Debug|Any CPU
		{CAAF428F-F472-4FDA-9344-64880C912472}.Debug|x64.Build.0 = Debug|Any CPU
		{CAAF428F-F472-4FDA-9344-64880C912472}.Debug|x86.ActiveCfg = Debug|Any CPU
		{CAAF428F-F472-4FDA-9344-64880C912472}.Debug|x86.Build.0 = Debug|Any CPU
		{CAAF428F-F472-4FDA-9344-64880C912472}.Release|Any CPU.ActiveCfg = Release|Any CPU
		{CAAF428F-F472-4FDA-9344-64880C912472}.Release|Any CPU.Build.0 = Release|Any CPU
		{CAAF428F-F472-4FDA-9344-64880C912472}.Release|x64.ActiveCfg = Release|Any CPU
		{CAAF428F-F472-4FDA-9344-64880C912472}.Release|x64.Build.0 = Release|Any CPU
		{CAAF428F-F472-4FDA-9344-64880C912472}.Release|x86.ActiveCfg = Release|Any CPU
		{CAAF428F-F472-4FDA-9344-64880C912472}.Release|x86.Build.0 = Release|Any CPU
		{E0A7B214-ED31-494F-B4B2-0D838CFDE9E0}.Debug|Any CPU.ActiveCfg = Debug|Any CPU
		{E0A7B214-ED31-494F-B4B2-0D838CFDE9E0}.Debug|Any CPU.Build.0 = Debug|Any CPU
		{E0A7B214-ED31-494F-B4B2-0D838CFDE9E0}.Debug|x64.ActiveCfg = Debug|Any CPU
		{E0A7B214-ED31-494F-B4B2-0D838CFDE9E0}.Debug|x64.Build.0 = Debug|Any CPU
		{E0A7B214-ED31-494F-B4B2-0D838CFDE9E0}.Debug|x86.ActiveCfg = Debug|Any CPU
		{E0A7B214-ED31-494F-B4B2-0D838CFDE9E0}.Debug|x86.Build.0 = Debug|Any CPU
		{E0A7B214-ED31-494F-B4B2-0D838CFDE9E0}.Release|Any CPU.ActiveCfg = Release|Any CPU
		{E0A7B214-ED31-494F-B4B2-0D838CFDE9E0}.Release|Any CPU.Build.0 = Release|Any CPU
		{E0A7B214-ED31-494F-B4B2-0D838CFDE9E0}.Release|x64.ActiveCfg = Release|Any CPU
		{E0A7B214-ED31-494F-B4B2-0D838CFDE9E0}.Release|x64.Build.0 = Release|Any CPU
		{E0A7B214-ED31-494F-B4B2-0D838CFDE9E0}.Release|x86.ActiveCfg = Release|Any CPU
		{E0A7B214-ED31-494F-B4B2-0D838CFDE9E0}.Release|x86.Build.0 = Release|Any CPU
		{C5E22BB5-FFB5-4A96-A208-647E68230162}.Debug|Any CPU.ActiveCfg = Debug|Any CPU
		{C5E22BB5-FFB5-4A96-A208-647E68230162}.Debug|Any CPU.Build.0 = Debug|Any CPU
		{C5E22BB5-FFB5-4A96-A208-647E68230162}.Debug|x64.ActiveCfg = Debug|Any CPU
		{C5E22BB5-FFB5-4A96-A208-647E68230162}.Debug|x64.Build.0 = Debug|Any CPU
		{C5E22BB5-FFB5-4A96-A208-647E68230162}.Debug|x86.ActiveCfg = Debug|Any CPU
		{C5E22BB5-FFB5-4A96-A208-647E68230162}.Debug|x86.Build.0 = Debug|Any CPU
		{C5E22BB5-FFB5-4A96-A208-647E68230162}.Release|Any CPU.ActiveCfg = Release|Any CPU
		{C5E22BB5-FFB5-4A96-A208-647E68230162}.Release|Any CPU.Build.0 = Release|Any CPU
		{C5E22BB5-FFB5-4A96-A208-647E68230162}.Release|x64.ActiveCfg = Release|Any CPU
		{C5E22BB5-FFB5-4A96-A208-647E68230162}.Release|x64.Build.0 = Release|Any CPU
		{C5E22BB5-FFB5-4A96-A208-647E68230162}.Release|x86.ActiveCfg = Release|Any CPU
		{C5E22BB5-FFB5-4A96-A208-647E68230162}.Release|x86.Build.0 = Release|Any CPU
	EndGlobalSection
	GlobalSection(SolutionProperties) = preSolution
		HideSolutionNode = FALSE
	EndGlobalSection
	GlobalSection(NestedProjects) = preSolution
		{76B9A84C-FA41-45BB-B697-BEFBFF098136} = {827E0CD3-B72D-47B6-A68D-7590B98EB39B}
		{78750CB3-47D9-4610-B183-557378467EDC} = {827E0CD3-B72D-47B6-A68D-7590B98EB39B}
		{9A270AC4-D9F3-4869-8431-EA940B477A67} = {827E0CD3-B72D-47B6-A68D-7590B98EB39B}
		{13A3657C-DB06-4AE8-B9C6-F04E516D1A18} = {827E0CD3-B72D-47B6-A68D-7590B98EB39B}
		{CAAF428F-F472-4FDA-9344-64880C912472} = {827E0CD3-B72D-47B6-A68D-7590B98EB39B}
		{E0A7B214-ED31-494F-B4B2-0D838CFDE9E0} = {0AB3BF05-4346-4AA6-1389-037BE0695223}
		{C5E22BB5-FFB5-4A96-A208-647E68230162} = {0AB3BF05-4346-4AA6-1389-037BE0695223}
	EndGlobalSection
EndGlobal
